
Microsoft Visual Studio Solution File, Format Version 12.00
# Visual Studio Version 16
VisualStudioVersion = 16.0.31624.102
MinimumVisualStudioVersion = 10.0.40219.1
Project("{FAE04EC0-301F-11D3-BF4B-00C04F79EFBC}") = "Lab01", "Lab01\Lab01.csproj", "{CD07D8AE-9DE8-41E4-97DD-C4C45924CD20}"
EndProject
Global
	GlobalSection(SolutionConfigurationPlatforms) = preSolution
		Debug|Any CPU = Debug|Any CPU
		Release|Any CPU = Release|Any CPU
	EndGlobalSection
	GlobalSection(ProjectConfigurationPlatforms) = postSolution
		{CD07D8AE-9DE8-41E4-97DD-C4C45924CD20}.Debug|Any CPU.ActiveCfg = Debug|Any CPU
		{CD07D8AE-9DE8-41E4-97DD-C4C45924CD20}.Debug|Any CPU.Build.0 = Debug|Any CPU
		{CD07D8AE-9DE8-41E4-97DD-C4C45924CD20}.Release|Any CPU.ActiveCfg = Release|Any CPU
		{CD07D8AE-9DE8-41E4-97DD-C4C45924CD20}.Release|Any CPU.Build.0 = Release|Any CPU
	EndGlobalSection
	GlobalSection(SolutionProperties) = preSolution
		HideSolutionNode = FALSE
	EndGlobalSection
	GlobalSection(ExtensibilityGlobals) = postSolution
		SolutionGuid = {D0EAC04D-D0C0-4B33-93D3-A3B17E518786}
	EndGlobalSection
EndGlobal
