
Microsoft Visual Studio Solution File, Format Version 12.00
# Visual Studio Version 16
VisualStudioVersion = 16.0.31624.102
MinimumVisualStudioVersion = 10.0.40219.1
Project("{FAE04EC0-301F-11D3-BF4B-00C04F79EFBC}") = "Excercise1", "Excercise1\Excercise1.csproj", "{5BB94A79-AA1B-4848-9759-B8ECBC244673}"
EndProject
Global
	GlobalSection(SolutionConfigurationPlatforms) = preSolution
		Debug|Any CPU = Debug|Any CPU
		Release|Any CPU = Release|Any CPU
	EndGlobalSection
	GlobalSection(ProjectConfigurationPlatforms) = postSolution
		{5BB94A79-AA1B-4848-9759-B8ECBC244673}.Debug|Any CPU.ActiveCfg = Debug|Any CPU
		{5BB94A79-AA1B-4848-9759-B8ECBC244673}.Debug|Any CPU.Build.0 = Debug|Any CPU
		{5BB94A79-AA1B-4848-9759-B8ECBC244673}.Release|Any CPU.ActiveCfg = Release|Any CPU
		{5BB94A79-AA1B-4848-9759-B8ECBC244673}.Release|Any CPU.Build.0 = Release|Any CPU
	EndGlobalSection
	GlobalSection(SolutionProperties) = preSolution
		HideSolutionNode = FALSE
	EndGlobalSection
	GlobalSection(ExtensibilityGlobals) = postSolution
		SolutionGuid = {A84C4899-D48B-4883-B0A2-7BA37ED082F0}
	EndGlobalSection
EndGlobal
