
Microsoft Visual Studio Solution File, Format Version 12.00
# Visual Studio Version 16
VisualStudioVersion = 16.0.31624.102
MinimumVisualStudioVersion = 10.0.40219.1
Project("{FAE04EC0-301F-11D3-BF4B-00C04F79EFBC}") = "ListAllDrives", "ListAllDrives\ListAllDrives.csproj", "{0FCF36F9-D313-45D5-8DA6-9668356FAE1F}"
EndProject
Project("{FAE04EC0-301F-11D3-BF4B-00C04F79EFBC}") = "ListAllFileInDocument", "ListAllFileInDocument\ListAllFileInDocument.csproj", "{113CB74E-1565-4549-8F9A-B01133BAF8C9}"
EndProject
Project("{FAE04EC0-301F-11D3-BF4B-00C04F79EFBC}") = "ReadTextFile", "ReadTextFile\ReadTextFile.csproj", "{3ED73454-D4C8-459B-BBD4-0A14DABE678A}"
EndProject
Global
	GlobalSection(SolutionConfigurationPlatforms) = preSolution
		Debug|Any CPU = Debug|Any CPU
		Release|Any CPU = Release|Any CPU
	EndGlobalSection
	GlobalSection(ProjectConfigurationPlatforms) = postSolution
		{0FCF36F9-D313-45D5-8DA6-9668356FAE1F}.Debug|Any CPU.ActiveCfg = Debug|Any CPU
		{0FCF36F9-D313-45D5-8DA6-9668356FAE1F}.Debug|Any CPU.Build.0 = Debug|Any CPU
		{0FCF36F9-D313-45D5-8DA6-9668356FAE1F}.Release|Any CPU.ActiveCfg = Release|Any CPU
		{0FCF36F9-D313-45D5-8DA6-9668356FAE1F}.Release|Any CPU.Build.0 = Release|Any CPU
		{113CB74E-1565-4549-8F9A-B01133BAF8C9}.Debug|Any CPU.ActiveCfg = Debug|Any CPU
		{113CB74E-1565-4549-8F9A-B01133BAF8C9}.Debug|Any CPU.Build.0 = Debug|Any CPU
		{113CB74E-1565-4549-8F9A-B01133BAF8C9}.Release|Any CPU.ActiveCfg = Release|Any CPU
		{113CB74E-1565-4549-8F9A-B01133BAF8C9}.Release|Any CPU.Build.0 = Release|Any CPU
		{3ED73454-D4C8-459B-BBD4-0A14DABE678A}.Debug|Any CPU.ActiveCfg = Debug|Any CPU
		{3ED73454-D4C8-459B-BBD4-0A14DABE678A}.Debug|Any CPU.Build.0 = Debug|Any CPU
		{3ED73454-D4C8-459B-BBD4-0A14DABE678A}.Release|Any CPU.ActiveCfg = Release|Any CPU
		{3ED73454-D4C8-459B-BBD4-0A14DABE678A}.Release|Any CPU.Build.0 = Release|Any CPU
	EndGlobalSection
	GlobalSection(SolutionProperties) = preSolution
		HideSolutionNode = FALSE
	EndGlobalSection
	GlobalSection(ExtensibilityGlobals) = postSolution
		SolutionGuid = {2E47E6D7-EEF8-40D6-8A30-A9C17C40CBFA}
	EndGlobalSection
EndGlobal
